
Microsoft Visual Studio Solution File, Format Version 12.00
# Visual Studio Version 17
VisualStudioVersion = 17.9.34728.123
MinimumVisualStudioVersion = 10.0.40219.1
Project("{FAE04EC0-301F-11D3-BF4B-00C04F79EFBC}") = "GESTOR-ESTOQUE", "GESTOR-ESTOQUE\GESTOR-ESTOQUE.csproj", "{9C074B24-39F6-4A45-93D3-8E19774654A8}"
EndProject
Global
	GlobalSection(SolutionConfigurationPlatforms) = preSolution
		Debug|Any CPU = Debug|Any CPU
		Release|Any CPU = Release|Any CPU
	EndGlobalSection
	GlobalSection(ProjectConfigurationPlatforms) = postSolution
		{9C074B24-39F6-4A45-93D3-8E19774654A8}.Debug|Any CPU.ActiveCfg = Debug|Any CPU
		{9C074B24-39F6-4A45-93D3-8E19774654A8}.Debug|Any CPU.Build.0 = Debug|Any CPU
		{9C074B24-39F6-4A45-93D3-8E19774654A8}.Release|Any CPU.ActiveCfg = Release|Any CPU
		{9C074B24-39F6-4A45-93D3-8E19774654A8}.Release|Any CPU.Build.0 = Release|Any CPU
	EndGlobalSection
	GlobalSection(SolutionProperties) = preSolution
		HideSolutionNode = FALSE
	EndGlobalSection
	GlobalSection(ExtensibilityGlobals) = postSolution
		SolutionGuid = {AC115098-3B0B-411A-9E06-E2998E2F5DDC}
	EndGlobalSection
EndGlobal
